
Microsoft Visual Studio Solution File, Format Version 12.00
# Visual Studio 15
VisualStudioVersion = 15.0.27703.2026
MinimumVisualStudioVersion = 10.0.40219.1
Project("{2150E333-8FDC-42A3-9474-1A3956D46DE8}") = "Solution Items", "Solution Items", "{18DE2F44-6B53-4B93-A741-CE93A1EEFF2A}"
	ProjectSection(SolutionItems) = preProject
		README.md = README.md
	EndProjectSection
EndProject
Project("{9A19103F-16F7-4668-BE54-9A1E7A4F7556}") = "EOSCPPManagerLib", "EOSCPPManagerLib\EOSCPPManagerLib.csproj", "{236245EB-846D-4D8C-AF1D-52D9BD5EB413}"
EndProject
Project("{9A19103F-16F7-4668-BE54-9A1E7A4F7556}") = "EOSEasyContract", "EOSEasyContract\EOSEasyContract.csproj", "{AE773410-D15B-46C6-89D0-85F778F32F89}"
EndProject
Global
	GlobalSection(SolutionConfigurationPlatforms) = preSolution
		Debug|Any CPU = Debug|Any CPU
		Release|Any CPU = Release|Any CPU
	EndGlobalSection
	GlobalSection(ProjectConfigurationPlatforms) = postSolution
		{236245EB-846D-4D8C-AF1D-52D9BD5EB413}.Debug|Any CPU.ActiveCfg = Debug|Any CPU
		{236245EB-846D-4D8C-AF1D-52D9BD5EB413}.Debug|Any CPU.Build.0 = Debug|Any CPU
		{236245EB-846D-4D8C-AF1D-52D9BD5EB413}.Release|Any CPU.ActiveCfg = Release|Any CPU
		{236245EB-846D-4D8C-AF1D-52D9BD5EB413}.Release|Any CPU.Build.0 = Release|Any CPU
		{AE773410-D15B-46C6-89D0-85F778F32F89}.Debug|Any CPU.ActiveCfg = Debug|Any CPU
		{AE773410-D15B-46C6-89D0-85F778F32F89}.Debug|Any CPU.Build.0 = Debug|Any CPU
		{AE773410-D15B-46C6-89D0-85F778F32F89}.Release|Any CPU.ActiveCfg = Release|Any CPU
		{AE773410-D15B-46C6-89D0-85F778F32F89}.Release|Any CPU.Build.0 = Release|Any CPU
	EndGlobalSection
	GlobalSection(SolutionProperties) = preSolution
		HideSolutionNode = FALSE
	EndGlobalSection
	GlobalSection(ExtensibilityGlobals) = postSolution
		SolutionGuid = {15CB53E6-7A80-4E99-B8EA-D592FA391398}
	EndGlobalSection
EndGlobal
